
Microsoft Visual Studio Solution File, Format Version 12.00
# Visual Studio Version 17
VisualStudioVersion = 17.5.002.0
MinimumVisualStudioVersion = 10.0.40219.1
Project("{9A19103F-16F7-4668-BE54-9A1E7A4F7556}") = "webapp-sam-lab13", "webapp-sam-lab13.csproj", "{36FDCBCE-3590-4532-BFDA-CAE04E000274}"
EndProject
Global
	GlobalSection(SolutionConfigurationPlatforms) = preSolution
		Debug|Any CPU = Debug|Any CPU
		Release|Any CPU = Release|Any CPU
	EndGlobalSection
	GlobalSection(ProjectConfigurationPlatforms) = postSolution
		{36FDCBCE-3590-4532-BFDA-CAE04E000274}.Debug|Any CPU.ActiveCfg = Debug|Any CPU
		{36FDCBCE-3590-4532-BFDA-CAE04E000274}.Debug|Any CPU.Build.0 = Debug|Any CPU
		{36FDCBCE-3590-4532-BFDA-CAE04E000274}.Release|Any CPU.ActiveCfg = Release|Any CPU
		{36FDCBCE-3590-4532-BFDA-CAE04E000274}.Release|Any CPU.Build.0 = Release|Any CPU
	EndGlobalSection
	GlobalSection(SolutionProperties) = preSolution
		HideSolutionNode = FALSE
	EndGlobalSection
	GlobalSection(ExtensibilityGlobals) = postSolution
		SolutionGuid = {F60C8CE8-517E-4036-AB40-BDC287D591A4}
	EndGlobalSection
EndGlobal
